
Microsoft Visual Studio Solution File, Format Version 12.00
# Visual Studio Version 16
VisualStudioVersion = 16.0.31129.286
MinimumVisualStudioVersion = 10.0.40219.1
Project("{FAE04EC0-301F-11D3-BF4B-00C04F79EFBC}") = "MasterALevel", "MasterALevel.csproj", "{390E9106-09FC-4EF1-83EF-C09FD7D05493}"
EndProject
Global
	GlobalSection(SolutionConfigurationPlatforms) = preSolution
		Debug|Any CPU = Debug|Any CPU
		Release|Any CPU = Release|Any CPU
	EndGlobalSection
	GlobalSection(ProjectConfigurationPlatforms) = postSolution
		{390E9106-09FC-4EF1-83EF-C09FD7D05493}.Debug|Any CPU.ActiveCfg = Debug|Any CPU
		{390E9106-09FC-4EF1-83EF-C09FD7D05493}.Debug|Any CPU.Build.0 = Debug|Any CPU
		{390E9106-09FC-4EF1-83EF-C09FD7D05493}.Release|Any CPU.ActiveCfg = Release|Any CPU
		{390E9106-09FC-4EF1-83EF-C09FD7D05493}.Release|Any CPU.Build.0 = Release|Any CPU
	EndGlobalSection
	GlobalSection(SolutionProperties) = preSolution
		HideSolutionNode = FALSE
	EndGlobalSection
	GlobalSection(ExtensibilityGlobals) = postSolution
		SolutionGuid = {DCEB5218-59AD-44B4-AABF-A83E5BF4398A}
	EndGlobalSection
EndGlobal
